
Microsoft Visual Studio Solution File, Format Version 12.00
# Visual Studio 15
VisualStudioVersion = 15.0.27428.2011
MinimumVisualStudioVersion = 10.0.40219.1
Project("{FAE04EC0-301F-11D3-BF4B-00C04F79EFBC}") = "Mihir.AspNetCore.Authentication.Basic", "Mihir.AspNetCore.Authentication.Basic\Mihir.AspNetCore.Authentication.Basic.csproj", "{F8FEFB06-9F93-4F50-8530-80F5C0A677FC}"
EndProject
Global
	GlobalSection(SolutionConfigurationPlatforms) = preSolution
		Debug|Any CPU = Debug|Any CPU
		Release|Any CPU = Release|Any CPU
	EndGlobalSection
	GlobalSection(ProjectConfigurationPlatforms) = postSolution
		{F8FEFB06-9F93-4F50-8530-80F5C0A677FC}.Debug|Any CPU.ActiveCfg = Debug|Any CPU
		{F8FEFB06-9F93-4F50-8530-80F5C0A677FC}.Debug|Any CPU.Build.0 = Debug|Any CPU
		{F8FEFB06-9F93-4F50-8530-80F5C0A677FC}.Release|Any CPU.ActiveCfg = Release|Any CPU
		{F8FEFB06-9F93-4F50-8530-80F5C0A677FC}.Release|Any CPU.Build.0 = Release|Any CPU
	EndGlobalSection
	GlobalSection(SolutionProperties) = preSolution
		HideSolutionNode = FALSE
	EndGlobalSection
	GlobalSection(ExtensibilityGlobals) = postSolution
		SolutionGuid = {70815049-1680-480A-BF5A-00536D6C9C20}
	EndGlobalSection
EndGlobal
