
Microsoft Visual Studio Solution File, Format Version 12.00
# Visual Studio Version 17
VisualStudioVersion = 17.0.32014.148
MinimumVisualStudioVersion = 10.0.40219.1
Project("{2150E333-8FDC-42A3-9474-1A3956D46DE8}") = "Samples", "Samples", "{CF13271D-BF3F-4167-BEBA-DD02D33992F2}"
	ProjectSection(SolutionItems) = preProject
		..\samples\BasicSamplesClient.http = ..\samples\BasicSamplesClient.http
		..\samples\BasicSamplesClient.postman_collection.json = ..\samples\BasicSamplesClient.postman_collection.json
	EndProjectSection
EndProject
Project("{D954291E-2A0B-460D-934E-DC6B0785DB48}") = "SampleWebApi.Shared", "..\samples\SampleWebApi.Shared\SampleWebApi.Shared.shproj", "{E544FB20-29F3-41F5-A78E-6164F9C43B3C}"
EndProject
Project("{9A19103F-16F7-4668-BE54-9A1E7A4F7556}") = "SampleWebApi_2_2", "..\samples\SampleWebApi_2_2\SampleWebApi_2_2.csproj", "{0801AED9-EA38-4E7E-AF4D-26E9B67E5254}"
EndProject
Project("{9A19103F-16F7-4668-BE54-9A1E7A4F7556}") = "AspNetCore.Authentication.Basic", "AspNetCore.Authentication.Basic\AspNetCore.Authentication.Basic.csproj", "{B2492C13-5F4E-4002-9E66-0ACF73045668}"
EndProject
Project("{2150E333-8FDC-42A3-9474-1A3956D46DE8}") = "Solution Items", "Solution Items", "{7BFEA4E3-5506-40A1-B6EB-BC8BA3687D23}"
	ProjectSection(SolutionItems) = preProject
		key.snk = key.snk
		..\LICENSE.txt = ..\LICENSE.txt
		..\README.md = ..\README.md
	EndProjectSection
EndProject
Project("{9A19103F-16F7-4668-BE54-9A1E7A4F7556}") = "SampleWebApi_2_0", "..\samples\SampleWebApi_2_0\SampleWebApi_2_0.csproj", "{897E5C9C-8C0A-4FB6-960C-4D11AAFD4491}"
EndProject
Project("{9A19103F-16F7-4668-BE54-9A1E7A4F7556}") = "SampleWebApi_3_1", "..\samples\SampleWebApi_3_1\SampleWebApi_3_1.csproj", "{2705DB4C-3BCE-4CFC-9A30-B4BFD1F28C56}"
EndProject
Project("{9A19103F-16F7-4668-BE54-9A1E7A4F7556}") = "SampleWebApi_5_0", "..\samples\SampleWebApi_5_0\SampleWebApi_5_0.csproj", "{B82830A0-FDFC-469D-B2A8-D657CD216451}"
EndProject
Project("{2150E333-8FDC-42A3-9474-1A3956D46DE8}") = "test", "test", "{F7494366-ED1D-4342-AE5D-DD6BE67C63DF}"
EndProject
Project("{9A19103F-16F7-4668-BE54-9A1E7A4F7556}") = "AspNetCore.Authentication.Basic.Tests", "..\test\AspNetCore.Authentication.Basic.Tests\AspNetCore.Authentication.Basic.Tests.csproj", "{335B0D1F-A428-4D2E-AF87-269C75F5F138}"
EndProject
Project("{9A19103F-16F7-4668-BE54-9A1E7A4F7556}") = "SampleWebApi_6_0", "..\samples\SampleWebApi_6_0\SampleWebApi_6_0.csproj", "{9232DA41-CA69-4FE3-B0C9-D8D85FEC272A}"
EndProject
Project("{9A19103F-16F7-4668-BE54-9A1E7A4F7556}") = "SampleWebApi_7_0", "..\samples\SampleWebApi_7_0\SampleWebApi_7_0.csproj", "{D5C8BCC5-C997-475E-9E71-5BF807294BB6}"
EndProject
Project("{FAE04EC0-301F-11D3-BF4B-00C04F79EFBC}") = "SampleWebApi_8_0", "..\samples\SampleWebApi_8_0\SampleWebApi_8_0.csproj", "{548DBE4A-0C06-4FB3-BEA6-6AB4A0386EEF}"
EndProject
Global
	GlobalSection(SolutionConfigurationPlatforms) = preSolution
		Debug|Any CPU = Debug|Any CPU
		Release|Any CPU = Release|Any CPU
	EndGlobalSection
	GlobalSection(ProjectConfigurationPlatforms) = postSolution
		{0801AED9-EA38-4E7E-AF4D-26E9B67E5254}.Debug|Any CPU.ActiveCfg = Debug|Any CPU
		{0801AED9-EA38-4E7E-AF4D-26E9B67E5254}.Debug|Any CPU.Build.0 = Debug|Any CPU
		{0801AED9-EA38-4E7E-AF4D-26E9B67E5254}.Release|Any CPU.ActiveCfg = Release|Any CPU
		{0801AED9-EA38-4E7E-AF4D-26E9B67E5254}.Release|Any CPU.Build.0 = Release|Any CPU
		{B2492C13-5F4E-4002-9E66-0ACF73045668}.Debug|Any CPU.ActiveCfg = Debug|Any CPU
		{B2492C13-5F4E-4002-9E66-0ACF73045668}.Debug|Any CPU.Build.0 = Debug|Any CPU
		{B2492C13-5F4E-4002-9E66-0ACF73045668}.Release|Any CPU.ActiveCfg = Release|Any CPU
		{B2492C13-5F4E-4002-9E66-0ACF73045668}.Release|Any CPU.Build.0 = Release|Any CPU
		{897E5C9C-8C0A-4FB6-960C-4D11AAFD4491}.Debug|Any CPU.ActiveCfg = Debug|Any CPU
		{897E5C9C-8C0A-4FB6-960C-4D11AAFD4491}.Debug|Any CPU.Build.0 = Debug|Any CPU
		{897E5C9C-8C0A-4FB6-960C-4D11AAFD4491}.Release|Any CPU.ActiveCfg = Release|Any CPU
		{897E5C9C-8C0A-4FB6-960C-4D11AAFD4491}.Release|Any CPU.Build.0 = Release|Any CPU
		{2705DB4C-3BCE-4CFC-9A30-B4BFD1F28C56}.Debug|Any CPU.ActiveCfg = Debug|Any CPU
		{2705DB4C-3BCE-4CFC-9A30-B4BFD1F28C56}.Debug|Any CPU.Build.0 = Debug|Any CPU
		{2705DB4C-3BCE-4CFC-9A30-B4BFD1F28C56}.Release|Any CPU.ActiveCfg = Release|Any CPU
		{2705DB4C-3BCE-4CFC-9A30-B4BFD1F28C56}.Release|Any CPU.Build.0 = Release|Any CPU
		{B82830A0-FDFC-469D-B2A8-D657CD216451}.Debug|Any CPU.ActiveCfg = Debug|Any CPU
		{B82830A0-FDFC-469D-B2A8-D657CD216451}.Debug|Any CPU.Build.0 = Debug|Any CPU
		{B82830A0-FDFC-469D-B2A8-D657CD216451}.Release|Any CPU.ActiveCfg = Release|Any CPU
		{B82830A0-FDFC-469D-B2A8-D657CD216451}.Release|Any CPU.Build.0 = Release|Any CPU
		{335B0D1F-A428-4D2E-AF87-269C75F5F138}.Debug|Any CPU.ActiveCfg = Debug|Any CPU
		{335B0D1F-A428-4D2E-AF87-269C75F5F138}.Debug|Any CPU.Build.0 = Debug|Any CPU
		{335B0D1F-A428-4D2E-AF87-269C75F5F138}.Release|Any CPU.ActiveCfg = Release|Any CPU
		{335B0D1F-A428-4D2E-AF87-269C75F5F138}.Release|Any CPU.Build.0 = Release|Any CPU
		{9232DA41-CA69-4FE3-B0C9-D8D85FEC272A}.Debug|Any CPU.ActiveCfg = Debug|Any CPU
		{9232DA41-CA69-4FE3-B0C9-D8D85FEC272A}.Debug|Any CPU.Build.0 = Debug|Any CPU
		{9232DA41-CA69-4FE3-B0C9-D8D85FEC272A}.Release|Any CPU.ActiveCfg = Release|Any CPU
		{9232DA41-CA69-4FE3-B0C9-D8D85FEC272A}.Release|Any CPU.Build.0 = Release|Any CPU
		{D5C8BCC5-C997-475E-9E71-5BF807294BB6}.Debug|Any CPU.ActiveCfg = Debug|Any CPU
		{D5C8BCC5-C997-475E-9E71-5BF807294BB6}.Debug|Any CPU.Build.0 = Debug|Any CPU
		{D5C8BCC5-C997-475E-9E71-5BF807294BB6}.Release|Any CPU.ActiveCfg = Release|Any CPU
		{D5C8BCC5-C997-475E-9E71-5BF807294BB6}.Release|Any CPU.Build.0 = Release|Any CPU
		{548DBE4A-0C06-4FB3-BEA6-6AB4A0386EEF}.Debug|Any CPU.ActiveCfg = Debug|Any CPU
		{548DBE4A-0C06-4FB3-BEA6-6AB4A0386EEF}.Debug|Any CPU.Build.0 = Debug|Any CPU
		{548DBE4A-0C06-4FB3-BEA6-6AB4A0386EEF}.Release|Any CPU.ActiveCfg = Release|Any CPU
		{548DBE4A-0C06-4FB3-BEA6-6AB4A0386EEF}.Release|Any CPU.Build.0 = Release|Any CPU
	EndGlobalSection
	GlobalSection(SolutionProperties) = preSolution
		HideSolutionNode = FALSE
	EndGlobalSection
	GlobalSection(NestedProjects) = preSolution
		{E544FB20-29F3-41F5-A78E-6164F9C43B3C} = {CF13271D-BF3F-4167-BEBA-DD02D33992F2}
		{0801AED9-EA38-4E7E-AF4D-26E9B67E5254} = {CF13271D-BF3F-4167-BEBA-DD02D33992F2}
		{897E5C9C-8C0A-4FB6-960C-4D11AAFD4491} = {CF13271D-BF3F-4167-BEBA-DD02D33992F2}
		{2705DB4C-3BCE-4CFC-9A30-B4BFD1F28C56} = {CF13271D-BF3F-4167-BEBA-DD02D33992F2}
		{B82830A0-FDFC-469D-B2A8-D657CD216451} = {CF13271D-BF3F-4167-BEBA-DD02D33992F2}
		{335B0D1F-A428-4D2E-AF87-269C75F5F138} = {F7494366-ED1D-4342-AE5D-DD6BE67C63DF}
		{9232DA41-CA69-4FE3-B0C9-D8D85FEC272A} = {CF13271D-BF3F-4167-BEBA-DD02D33992F2}
		{D5C8BCC5-C997-475E-9E71-5BF807294BB6} = {CF13271D-BF3F-4167-BEBA-DD02D33992F2}
		{548DBE4A-0C06-4FB3-BEA6-6AB4A0386EEF} = {CF13271D-BF3F-4167-BEBA-DD02D33992F2}
	EndGlobalSection
	GlobalSection(ExtensibilityGlobals) = postSolution
		SolutionGuid = {70815049-1680-480A-BF5A-00536D6C9C20}
	EndGlobalSection
	GlobalSection(SharedMSBuildProjectFiles) = preSolution
		..\samples\SampleWebApi.Shared\SampleWebApi.Shared.projitems*{0801aed9-ea38-4e7e-af4d-26e9b67e5254}*SharedItemsImports = 5
		..\samples\SampleWebApi.Shared\SampleWebApi.Shared.projitems*{2705db4c-3bce-4cfc-9a30-b4bfd1f28c56}*SharedItemsImports = 5
		..\samples\SampleWebApi.Shared\SampleWebApi.Shared.projitems*{548dbe4a-0c06-4fb3-bea6-6ab4a0386eef}*SharedItemsImports = 5
		..\samples\SampleWebApi.Shared\SampleWebApi.Shared.projitems*{897e5c9c-8c0a-4fb6-960c-4d11aafd4491}*SharedItemsImports = 5
		..\samples\SampleWebApi.Shared\SampleWebApi.Shared.projitems*{9232da41-ca69-4fe3-b0c9-d8d85fec272a}*SharedItemsImports = 5
		..\samples\SampleWebApi.Shared\SampleWebApi.Shared.projitems*{b82830a0-fdfc-469d-b2a8-d657cd216451}*SharedItemsImports = 5
		..\samples\SampleWebApi.Shared\SampleWebApi.Shared.projitems*{d5c8bcc5-c997-475e-9e71-5bf807294bb6}*SharedItemsImports = 5
		..\samples\SampleWebApi.Shared\SampleWebApi.Shared.projitems*{e544fb20-29f3-41f5-a78e-6164f9c43b3c}*SharedItemsImports = 13
	EndGlobalSection
EndGlobal
